// !$*UTF8*$!
{
	archiveVersion = 1;
	classes = {
	};
	objectVersion = 50;
	objects = {

/* Begin PBXBuildFile section */
		7CF0227B27102FE500EA19B7 /* AppDelegate.swift in Sources */ = {isa = PBXBuildFile; fileRef = 7CF0227A27102FE500EA19B7 /* AppDelegate.swift */; };
		7CF0227D27102FE500EA19B7 /* SceneDelegate.swift in Sources */ = {isa = PBXBuildFile; fileRef = 7CF0227C27102FE500EA19B7 /* SceneDelegate.swift */; };
		7CF0227F27102FE500EA19B7 /* ViewController.swift in Sources */ = {isa = PBXBuildFile; fileRef = 7CF0227E27102FE500EA19B7 /* ViewController.swift */; };
		7CF0228227102FE500EA19B7 /* Main.storyboard in Resources */ = {isa = PBXBuildFile; fileRef = 7CF0228027102FE500EA19B7 /* Main.storyboard */; };
		7CF0228427102FE600EA19B7 /* Assets.xcassets in Resources */ = {isa = PBXBuildFile; fileRef = 7CF0228327102FE600EA19B7 /* Assets.xcassets */; };
		7CF0228727102FE600EA19B7 /* LaunchScreen.storyboard in Resources */ = {isa = PBXBuildFile; fileRef = 7CF0228527102FE600EA19B7 /* LaunchScreen.storyboard */; };
		7CF0229227102FE600EA19B7 /* MyCalculatorTests.swift in Sources */ = {isa = PBXBuildFile; fileRef = 7CF0229127102FE600EA19B7 /* MyCalculatorTests.swift */; };
		7CF0229D27102FE600EA19B7 /* MyCalculatorUITests.swift in Sources */ = {isa = PBXBuildFile; fileRef = 7CF0229C27102FE600EA19B7 /* MyCalculatorUITests.swift */; };
/* End PBXBuildFile section */

/* Begin PBXContainerItemProxy section */
		7CF0228E27102FE600EA19B7 /* PBXContainerItemProxy */ = {
			isa = PBXContainerItemProxy;
			containerPortal = 7CF0226F27102FE500EA19B7 /* Project object */;
			proxyType = 1;
			remoteGlobalIDString = 7CF0227627102FE500EA19B7;
			remoteInfo = MyCalculator;
		};
		7CF0229927102FE600EA19B7 /* PBXContainerItemProxy */ = {
			isa = PBXContainerItemProxy;
			containerPortal = 7CF0226F27102FE500EA19B7 /* Project object */;
			proxyType = 1;
			remoteGlobalIDString = 7CF0227627102FE500EA19B7;
			remoteInfo = MyCalculator;
		};
/* End PBXContainerItemProxy section */

/* Begin PBXFileReference section */
		7CF0227727102FE500EA19B7 /* MyCalculator.app */ = {isa = PBXFileReference; explicitFileType = wrapper.application; includeInIndex = 0; path = MyCalculator.app; sourceTree = BUILT_PRODUCTS_DIR; };
		7CF0227A27102FE500EA19B7 /* AppDelegate.swift */ = {isa = PBXFileReference; lastKnownFileType = sourcecode.swift; path = AppDelegate.swift; sourceTree = "<group>"; };
		7CF0227C27102FE500EA19B7 /* SceneDelegate.swift */ = {isa = PBXFileReference; lastKnownFileType = sourcecode.swift; path = SceneDelegate.swift; sourceTree = "<group>"; };
		7CF0227E27102FE500EA19B7 /* ViewController.swift */ = {isa = PBXFileReference; lastKnownFileType = sourcecode.swift; path = ViewController.swift; sourceTree = "<group>"; };
		7CF0228127102FE500EA19B7 /* Base */ = {isa = PBXFileReference; lastKnownFileType = file.storyboard; name = Base; path = Base.lproj/Main.storyboard; sourceTree = "<group>"; };
		7CF0228327102FE600EA19B7 /* Assets.xcassets */ = {isa = PBXFileReference; lastKnownFileType = folder.assetcatalog; path = Assets.xcassets; sourceTree = "<group>"; };
		7CF0228627102FE600EA19B7 /* Base */ = {isa = PBXFileReference; lastKnownFileType = file.storyboard; name = Base; path = Base.lproj/LaunchScreen.storyboard; sourceTree = "<group>"; };
		7CF0228827102FE600EA19B7 /* Info.plist */ = {isa = PBXFileReference; lastKnownFileType = text.plist.xml; path = Info.plist; sourceTree = "<group>"; };
		7CF0228D27102FE600EA19B7 /* MyCalculatorTests.xctest */ = {isa = PBXFileReference; explicitFileType = wrapper.cfbundle; includeInIndex = 0; path = MyCalculatorTests.xctest; sourceTree = BUILT_PRODUCTS_DIR; };
		7CF0229127102FE600EA19B7 /* MyCalculatorTests.swift */ = {isa = PBXFileReference; lastKnownFileType = sourcecode.swift; path = MyCalculatorTests.swift; sourceTree = "<group>"; };
		7CF0229327102FE600EA19B7 /* Info.plist */ = {isa = PBXFileReference; lastKnownFileType = text.plist.xml; path = Info.plist; sourceTree = "<group>"; };
		7CF0229827102FE600EA19B7 /* MyCalculatorUITests.xctest */ = {isa = PBXFileReference; explicitFileType = wrapper.cfbundle; includeInIndex = 0; path = MyCalculatorUITests.xctest; sourceTree = BUILT_PRODUCTS_DIR; };
		7CF0229C27102FE600EA19B7 /* MyCalculatorUITests.swift */ = {isa = PBXFileReference; lastKnownFileType = sourcecode.swift; path = MyCalculatorUITests.swift; sourceTree = "<group>"; };
		7CF0229E27102FE600EA19B7 /* Info.plist */ = {isa = PBXFileReference; lastKnownFileType = text.plist.xml; path = Info.plist; sourceTree = "<group>"; };
/* End PBXFileReference section */

/* Begin PBXFrameworksBuildPhase section */
		7CF0227427102FE500EA19B7 /* Frameworks */ = {
			isa = PBXFrameworksBuildPhase;
			buildActionMask = 2147483647;
			files = (
			);
			runOnlyForDeploymentPostprocessing = 0;
		};
		7CF0228A27102FE600EA19B7 /* Frameworks */ = {
			isa = PBXFrameworksBuildPhase;
			buildActionMask = 2147483647;
			files = (
			);
			runOnlyForDeploymentPostprocessing = 0;
		};
		7CF0229527102FE600EA19B7 /* Frameworks */ = {
			isa = PBXFrameworksBuildPhase;
			buildActionMask = 2147483647;
			files = (
			);
			runOnlyForDeploymentPostprocessing = 0;
		};
/* End PBXFrameworksBuildPhase section */

/* Begin PBXGroup section */
		7CF0226E27102FE500EA19B7 = {
			isa = PBXGroup;
			children = (
				7CF0227927102FE500EA19B7 /* MyCalculator */,
				7CF0229027102FE600EA19B7 /* MyCalculatorTests */,
				7CF0229B27102FE600EA19B7 /* MyCalculatorUITests */,
				7CF0227827102FE500EA19B7 /* Products */,
			);
			sourceTree = "<group>";
		};
		7CF0227827102FE500EA19B7 /* Products */ = {
			isa = PBXGroup;
			children = (
				7CF0227727102FE500EA19B7 /* MyCalculator.app */,
				7CF0228D27102FE600EA19B7 /* MyCalculatorTests.xctest */,
				7CF0229827102FE600EA19B7 /* MyCalculatorUITests.xctest */,
			);
			name = Products;
			sourceTree = "<group>";
		};
		7CF0227927102FE500EA19B7 /* MyCalculator */ = {
			isa = PBXGroup;
			children = (
				7CF0227A27102FE500EA19B7 /* AppDelegate.swift */,
				7CF0227C27102FE500EA19B7 /* SceneDelegate.swift */,
				7CF0227E27102FE500EA19B7 /* ViewController.swift */,
				7CF0228027102FE500EA19B7 /* Main.storyboard */,
				7CF0228327102FE600EA19B7 /* Assets.xcassets */,
				7CF0228527102FE600EA19B7 /* LaunchScreen.storyboard */,
				7CF0228827102FE600EA19B7 /* Info.plist */,
			);
			path = MyCalculator;
			sourceTree = "<group>";
		};
		7CF0229027102FE600EA19B7 /* MyCalculatorTests */ = {
			isa = PBXGroup;
			children = (
				7CF0229127102FE600EA19B7 /* MyCalculatorTests.swift */,
				7CF0229327102FE600EA19B7 /* Info.plist */,
			);
			path = MyCalculatorTests;
			sourceTree = "<group>";
		};
		7CF0229B27102FE600EA19B7 /* MyCalculatorUITests */ = {
			isa = PBXGroup;
			children = (
				7CF0229C27102FE600EA19B7 /* MyCalculatorUITests.swift */,
				7CF0229E27102FE600EA19B7 /* Info.plist */,
			);
			path = MyCalculatorUITests;
			sourceTree = "<group>";
		};
/* End PBXGroup section */

/* Begin PBXNativeTarget section */
		7CF0227627102FE500EA19B7 /* MyCalculator */ = {
			isa = PBXNativeTarget;
			buildConfigurationList = 7CF022A127102FE600EA19B7 /* Build configuration list for PBXNativeTarget "MyCalculator" */;
			buildPhases = (
				7CF0227327102FE500EA19B7 /* Sources */,
				7CF0227427102FE500EA19B7 /* Frameworks */,
				7CF0227527102FE500EA19B7 /* Resources */,
			);
			buildRules = (
			);
			dependencies = (
			);
			name = MyCalculator;
			productName = MyCalculator;
			productReference = 7CF0227727102FE500EA19B7 /* MyCalculator.app */;
			productType = "com.apple.product-type.application";
		};
		7CF0228C27102FE600EA19B7 /* MyCalculatorTests */ = {
			isa = PBXNativeTarget;
			buildConfigurationList = 7CF022A427102FE600EA19B7 /* Build configuration list for PBXNativeTarget "MyCalculatorTests" */;
			buildPhases = (
				7CF0228927102FE600EA19B7 /* Sources */,
				7CF0228A27102FE600EA19B7 /* Frameworks */,
				7CF0228B27102FE600EA19B7 /* Resources */,
			);
			buildRules = (
			);
			dependencies = (
				7CF0228F27102FE600EA19B7 /* PBXTargetDependency */,
			);
			name = MyCalculatorTests;
			productName = MyCalculatorTests;
			productReference = 7CF0228D27102FE600EA19B7 /* MyCalculatorTests.xctest */;
			productType = "com.apple.product-type.bundle.unit-test";
		};
		7CF0229727102FE600EA19B7 /* MyCalculatorUITests */ = {
			isa = PBXNativeTarget;
			buildConfigurationList = 7CF022A727102FE600EA19B7 /* Build configuration list for PBXNativeTarget "MyCalculatorUITests" */;
			buildPhases = (
				7CF0229427102FE600EA19B7 /* Sources */,
				7CF0229527102FE600EA19B7 /* Frameworks */,
				7CF0229627102FE600EA19B7 /* Resources */,
			);
			buildRules = (
			);
			dependencies = (
				7CF0229A27102FE600EA19B7 /* PBXTargetDependency */,
			);
			name = MyCalculatorUITests;
			productName = MyCalculatorUITests;
			productReference = 7CF0229827102FE600EA19B7 /* MyCalculatorUITests.xctest */;
			productType = "com.apple.product-type.bundle.ui-testing";
		};
/* End PBXNativeTarget section */

/* Begin PBXProject section */
		7CF0226F27102FE500EA19B7 /* Project object */ = {
			isa = PBXProject;
			attributes = {
				LastSwiftUpdateCheck = 1220;
				LastUpgradeCheck = 1220;
				TargetAttributes = {
					7CF0227627102FE500EA19B7 = {
						CreatedOnToolsVersion = 12.2;
					};
					7CF0228C27102FE600EA19B7 = {
						CreatedOnToolsVersion = 12.2;
						TestTargetID = 7CF0227627102FE500EA19B7;
					};
					7CF0229727102FE600EA19B7 = {
						CreatedOnToolsVersion = 12.2;
						TestTargetID = 7CF0227627102FE500EA19B7;
					};
				};
			};
			buildConfigurationList = 7CF0227227102FE500EA19B7 /* Build configuration list for PBXProject "MyCalculator" */;
			compatibilityVersion = "Xcode 9.3";
			developmentRegion = en;
			hasScannedForEncodings = 0;
			knownRegions = (
				en,
				Base,
			);
			mainGroup = 7CF0226E27102FE500EA19B7;
			productRefGroup = 7CF0227827102FE500EA19B7 /* Products */;
			projectDirPath = "";
			projectRoot = "";
			targets = (
				7CF0227627102FE500EA19B7 /* MyCalculator */,
				7CF0228C27102FE600EA19B7 /* MyCalculatorTests */,
				7CF0229727102FE600EA19B7 /* MyCalculatorUITests */,
			);
		};
/* End PBXProject section */

/* Begin PBXResourcesBuildPhase section */
		7CF0227527102FE500EA19B7 /* Resources */ = {
			isa = PBXResourcesBuildPhase;
			buildActionMask = 2147483647;
			files = (
				7CF0228727102FE600EA19B7 /* LaunchScreen.storyboard in Resources */,
				7CF0228427102FE600EA19B7 /* Assets.xcassets in Resources */,
				7CF0228227102FE500EA19B7 /* Main.storyboard in Resources */,
			);
			runOnlyForDeploymentPostprocessing = 0;
		};
		7CF0228B27102FE600EA19B7 /* Resources */ = {
			isa = PBXResourcesBuildPhase;
			buildActionMask = 2147483647;
			files = (
			);
			runOnlyForDeploymentPostprocessing = 0;
		};
		7CF0229627102FE600EA19B7 /* Resources */ = {
			isa = PBXResourcesBuildPhase;
			buildActionMask = 2147483647;
			files = (
			);
			runOnlyForDeploymentPostprocessing = 0;
		};
/* End PBXResourcesBuildPhase section */

/* Begin PBXSourcesBuildPhase section */
		7CF0227327102FE500EA19B7 /* Sources */ = {
			isa = PBXSourcesBuildPhase;
			buildActionMask = 2147483647;
			files = (
				7CF0227F27102FE500EA19B7 /* ViewController.swift in Sources */,
				7CF0227B27102FE500EA19B7 /* AppDelegate.swift in Sources */,
				7CF0227D27102FE500EA19B7 /* SceneDelegate.swift in Sources */,
			);
			runOnlyForDeploymentPostprocessing = 0;
		};
		7CF0228927102FE600EA19B7 /* Sources */ = {
			isa = PBXSourcesBuildPhase;
			buildActionMask = 2147483647;
			files = (
				7CF0229227102FE600EA19B7 /* MyCalculatorTests.swift in Sources */,
			);
			runOnlyForDeploymentPostprocessing = 0;
		};
		7CF0229427102FE600EA19B7 /* Sources */ = {
			isa = PBXSourcesBuildPhase;
			buildActionMask = 2147483647;
			files = (
				7CF0229D27102FE600EA19B7 /* MyCalculatorUITests.swift in Sources */,
			);
			runOnlyForDeploymentPostprocessing = 0;
		};
/* End PBXSourcesBuildPhase section */

/* Begin PBXTargetDependency section */
		7CF0228F27102FE600EA19B7 /* PBXTargetDependency */ = {
			isa = PBXTargetDependency;
			target = 7CF0227627102FE500EA19B7 /* MyCalculator */;
			targetProxy = 7CF0228E27102FE600EA19B7 /* PBXContainerItemProxy */;
		};
		7CF0229A27102FE600EA19B7 /* PBXTargetDependency */ = {
			isa = PBXTargetDependency;
			target = 7CF0227627102FE500EA19B7 /* MyCalculator */;
			targetProxy = 7CF0229927102FE600EA19B7 /* PBXContainerItemProxy */;
		};
/* End PBXTargetDependency section */

/* Begin PBXVariantGroup section */
		7CF0228027102FE500EA19B7 /* Main.storyboard */ = {
			isa = PBXVariantGroup;
			children = (
				7CF0228127102FE500EA19B7 /* Base */,
			);
			name = Main.storyboard;
			sourceTree = "<group>";
		};
		7CF0228527102FE600EA19B7 /* LaunchScreen.storyboard */ = {
			isa = PBXVariantGroup;
			children = (
				7CF0228627102FE600EA19B7 /* Base */,
			);
			name = LaunchScreen.storyboard;
			sourceTree = "<group>";
		};
/* End PBXVariantGroup section */

/* Begin XCBuildConfiguration section */
		7CF0229F27102FE600EA19B7 /* Debug */ = {
			isa = XCBuildConfiguration;
			buildSettings = {
				ALWAYS_SEARCH_USER_PATHS = NO;
				CLANG_ANALYZER_NONNULL = YES;
				CLANG_ANALYZER_NUMBER_OBJECT_CONVERSION = YES_AGGRESSIVE;
				CLANG_CXX_LANGUAGE_STANDARD = "gnu++14";
				CLANG_CXX_LIBRARY = "libc++";
				CLANG_ENABLE_MODULES = YES;
				CLANG_ENABLE_OBJC_ARC = YES;
				CLANG_ENABLE_OBJC_WEAK = YES;
				CLANG_WARN_BLOCK_CAPTURE_AUTORELEASING = YES;
				CLANG_WARN_BOOL_CONVERSION = YES;
				CLANG_WARN_COMMA = YES;
				CLANG_WARN_CONSTANT_CONVERSION = YES;
				CLANG_WARN_DEPRECATED_OBJC_IMPLEMENTATIONS = YES;
				CLANG_WARN_DIRECT_OBJC_ISA_USAGE = YES_ERROR;
				CLANG_WARN_DOCUMENTATION_COMMENTS = YES;
				CLANG_WARN_EMPTY_BODY = YES;
				CLANG_WARN_ENUM_CONVERSION = YES;
				CLANG_WARN_INFINITE_RECURSION = YES;
				CLANG_WARN_INT_CONVERSION = YES;
				CLANG_WARN_NON_LITERAL_NULL_CONVERSION = YES;
				CLANG_WARN_OBJC_IMPLICIT_RETAIN_SELF = YES;
				CLANG_WARN_OBJC_LITERAL_CONVERSION = YES;
				CLANG_WARN_OBJC_ROOT_CLASS = YES_ERROR;
				CLANG_WARN_QUOTED_INCLUDE_IN_FRAMEWORK_HEADER = YES;
				CLANG_WARN_RANGE_LOOP_ANALYSIS = YES;
				CLANG_WARN_STRICT_PROTOTYPES = YES;
				CLANG_WARN_SUSPICIOUS_MOVE = YES;
				CLANG_WARN_UNGUARDED_AVAILABILITY = YES_AGGRESSIVE;
				CLANG_WARN_UNREACHABLE_CODE = YES;
				CLANG_WARN__DUPLICATE_METHOD_MATCH = YES;
				COPY_PHASE_STRIP = NO;
				DEBUG_INFORMATION_FORMAT = dwarf;
				ENABLE_STRICT_OBJC_MSGSEND = YES;
				ENABLE_TESTABILITY = YES;
				GCC_C_LANGUAGE_STANDARD = gnu11;
				GCC_DYNAMIC_NO_PIC = NO;
				GCC_NO_COMMON_BLOCKS = YES;
				GCC_OPTIMIZATION_LEVEL = 0;
				GCC_PREPROCESSOR_DEFINITIONS = (
					"DEBUG=1",
					"$(inherited)",
				);
				GCC_WARN_64_TO_32_BIT_CONVERSION = YES;
				GCC_WARN_ABOUT_RETURN_TYPE = YES_ERROR;
				GCC_WARN_UNDECLARED_SELECTOR = YES;
				GCC_WARN_UNINITIALIZED_AUTOS = YES_AGGRESSIVE;
				GCC_WARN_UNUSED_FUNCTION = YES;
				GCC_WARN_UNUSED_VARIABLE = YES;
				IPHONEOS_DEPLOYMENT_TARGET = 14.2;
				MTL_ENABLE_DEBUG_INFO = INCLUDE_SOURCE;
				MTL_FAST_MATH = YES;
				ONLY_ACTIVE_ARCH = YES;
				SDKROOT = iphoneos;
				SWIFT_ACTIVE_COMPILATION_CONDITIONS = DEBUG;
				SWIFT_OPTIMIZATION_LEVEL = "-Onone";
			};
			name = Debug;
		};
		7CF022A027102FE600EA19B7 /* Release */ = {
			isa = XCBuildConfiguration;
			buildSettings = {
				ALWAYS_SEARCH_USER_PATHS = NO;
				CLANG_ANALYZER_NONNULL = YES;
				CLANG_ANALYZER_NUMBER_OBJECT_CONVERSION = YES_AGGRESSIVE;
				CLANG_CXX_LANGUAGE_STANDARD = "gnu++14";
				CLANG_CXX_LIBRARY = "libc++";
				CLANG_ENABLE_MODULES = YES;
				CLANG_ENABLE_OBJC_ARC = YES;
				CLANG_ENABLE_OBJC_WEAK = YES;
				CLANG_WARN_BLOCK_CAPTURE_AUTORELEASING = YES;
				CLANG_WARN_BOOL_CONVERSION = YES;
				CLANG_WARN_COMMA = YES;
				CLANG_WARN_CONSTANT_CONVERSION = YES;
				CLANG_WARN_DEPRECATED_OBJC_IMPLEMENTATIONS = YES;
				CLANG_WARN_DIRECT_OBJC_ISA_USAGE = YES_ERROR;
				CLANG_WARN_DOCUMENTATION_COMMENTS = YES;
				CLANG_WARN_EMPTY_BODY = YES;
				CLANG_WARN_ENUM_CONVERSION = YES;
				CLANG_WARN_INFINITE_RECURSION = YES;
				CLANG_WARN_INT_CONVERSION = YES;
				CLANG_WARN_NON_LITERAL_NULL_CONVERSION = YES;
				CLANG_WARN_OBJC_IMPLICIT_RETAIN_SELF = YES;
				CLANG_WARN_OBJC_LITERAL_CONVERSION = YES;
				CLANG_WARN_OBJC_ROOT_CLASS = YES_ERROR;
				CLANG_WARN_QUOTED_INCLUDE_IN_FRAMEWORK_HEADER = YES;
				CLANG_WARN_RANGE_LOOP_ANALYSIS = YES;
				CLANG_WARN_STRICT_PROTOTYPES = YES;
				CLANG_WARN_SUSPICIOUS_MOVE = YES;
				CLANG_WARN_UNGUARDED_AVAILABILITY = YES_AGGRESSIVE;
				CLANG_WARN_UNREACHABLE_CODE = YES;
				CLANG_WARN__DUPLICATE_METHOD_MATCH = YES;
				COPY_PHASE_STRIP = NO;
				DEBUG_INFORMATION_FORMAT = "dwarf-with-dsym";
				ENABLE_NS_ASSERTIONS = NO;
				ENABLE_STRICT_OBJC_MSGSEND = YES;
				GCC_C_LANGUAGE_STANDARD = gnu11;
				GCC_NO_COMMON_BLOCKS = YES;
				GCC_WARN_64_TO_32_BIT_CONVERSION = YES;
				GCC_WARN_ABOUT_RETURN_TYPE = YES_ERROR;
				GCC_WARN_UNDECLARED_SELECTOR = YES;
				GCC_WARN_UNINITIALIZED_AUTOS = YES_AGGRESSIVE;
				GCC_WARN_UNUSED_FUNCTION = YES;
				GCC_WARN_UNUSED_VARIABLE = YES;
				IPHONEOS_DEPLOYMENT_TARGET = 14.2;
				MTL_ENABLE_DEBUG_INFO = NO;
				MTL_FAST_MATH = YES;
				SDKROOT = iphoneos;
				SWIFT_COMPILATION_MODE = wholemodule;
				SWIFT_OPTIMIZATION_LEVEL = "-O";
				VALIDATE_PRODUCT = YES;
			};
			name = Release;
		};
		7CF022A227102FE600EA19B7 /* Debug */ = {
			isa = XCBuildConfiguration;
			buildSettings = {
				ASSETCATALOG_COMPILER_APPICON_NAME = AppIcon;
				ASSETCATALOG_COMPILER_GLOBAL_ACCENT_COLOR_NAME = AccentColor;
				CODE_SIGN_STYLE = Automatic;
				INFOPLIST_FILE = MyCalculator/Info.plist;
				LD_RUNPATH_SEARCH_PATHS = (
					"$(inherited)",
					"@executable_path/Frameworks",
				);
				PRODUCT_BUNDLE_IDENTIFIER = cn.edu.nju.ios.MyCalculator;
				PRODUCT_NAME = "$(TARGET_NAME)";
				SWIFT_VERSION = 5.0;
				TARGETED_DEVICE_FAMILY = "1,2";
			};
			name = Debug;
		};
		7CF022A327102FE600EA19B7 /* Release */ = {
			isa = XCBuildConfiguration;
			buildSettings = {
				ASSETCATALOG_COMPILER_APPICON_NAME = AppIcon;
				ASSETCATALOG_COMPILER_GLOBAL_ACCENT_COLOR_NAME = AccentColor;
				CODE_SIGN_STYLE = Automatic;
				INFOPLIST_FILE = MyCalculator/Info.plist;
				LD_RUNPATH_SEARCH_PATHS = (
					"$(inherited)",
					"@executable_path/Frameworks",
				);
				PRODUCT_BUNDLE_IDENTIFIER = cn.edu.nju.ios.MyCalculator;
				PRODUCT_NAME = "$(TARGET_NAME)";
				SWIFT_VERSION = 5.0;
				TARGETED_DEVICE_FAMILY = "1,2";
			};
			name = Release;
		};
		7CF022A527102FE600EA19B7 /* Debug */ = {
			isa = XCBuildConfiguration;
			buildSettings = {
				ALWAYS_EMBED_SWIFT_STANDARD_LIBRARIES = YES;
				BUNDLE_LOADER = "$(TEST_HOST)";
				CODE_SIGN_STYLE = Automatic;
				INFOPLIST_FILE = MyCalculatorTests/Info.plist;
				IPHONEOS_DEPLOYMENT_TARGET = 14.2;
				LD_RUNPATH_SEARCH_PATHS = (
					"$(inherited)",
					"@executable_path/Frameworks",
					"@loader_path/Frameworks",
				);
				PRODUCT_BUNDLE_IDENTIFIER = cn.edu.nju.ios.MyCalculatorTests;
				PRODUCT_NAME = "$(TARGET_NAME)";
				SWIFT_VERSION = 5.0;
				TARGETED_DEVICE_FAMILY = "1,2";
				TEST_HOST = "$(BUILT_PRODUCTS_DIR)/MyCalculator.app/MyCalculator";
			};
			name = Debug;
		};
		7CF022A627102FE600EA19B7 /* Release */ = {
			isa = XCBuildConfiguration;
			buildSettings = {
				ALWAYS_EMBED_SWIFT_STANDARD_LIBRARIES = YES;
				BUNDLE_LOADER = "$(TEST_HOST)";
				CODE_SIGN_STYLE = Automatic;
				INFOPLIST_FILE = MyCalculatorTests/Info.plist;
				IPHONEOS_DEPLOYMENT_TARGET = 14.2;
				LD_RUNPATH_SEARCH_PATHS = (
					"$(inherited)",
					"@executable_path/Frameworks",
					"@loader_path/Frameworks",
				);
				PRODUCT_BUNDLE_IDENTIFIER = cn.edu.nju.ios.MyCalculatorTests;
				PRODUCT_NAME = "$(TARGET_NAME)";
				SWIFT_VERSION = 5.0;
				TARGETED_DEVICE_FAMILY = "1,2";
				TEST_HOST = "$(BUILT_PRODUCTS_DIR)/MyCalculator.app/MyCalculator";
			};
			name = Release;
		};
		7CF022A827102FE600EA19B7 /* Debug */ = {
			isa = XCBuildConfiguration;
			buildSettings = {
				ALWAYS_EMBED_SWIFT_STANDARD_LIBRARIES = YES;
				CODE_SIGN_STYLE = Automatic;
				INFOPLIST_FILE = MyCalculatorUITests/Info.plist;
				LD_RUNPATH_SEARCH_PATHS = (
					"$(inherited)",
					"@executable_path/Frameworks",
					"@loader_path/Frameworks",
				);
				PRODUCT_BUNDLE_IDENTIFIER = cn.edu.nju.ios.MyCalculatorUITests;
				PRODUCT_NAME = "$(TARGET_NAME)";
				SWIFT_VERSION = 5.0;
				TARGETED_DEVICE_FAMILY = "1,2";
				TEST_TARGET_NAME = MyCalculator;
			};
			name = Debug;
		};
		7CF022A927102FE600EA19B7 /* Release */ = {
			isa = XCBuildConfiguration;
			buildSettings = {
				ALWAYS_EMBED_SWIFT_STANDARD_LIBRARIES = YES;
				CODE_SIGN_STYLE = Automatic;
				INFOPLIST_FILE = MyCalculatorUITests/Info.plist;
				LD_RUNPATH_SEARCH_PATHS = (
					"$(inherited)",
					"@executable_path/Frameworks",
					"@loader_path/Frameworks",
				);
				PRODUCT_BUNDLE_IDENTIFIER = cn.edu.nju.ios.MyCalculatorUITests;
				PRODUCT_NAME = "$(TARGET_NAME)";
				SWIFT_VERSION = 5.0;
				TARGETED_DEVICE_FAMILY = "1,2";
				TEST_TARGET_NAME = MyCalculator;
			};
			name = Release;
		};
/* End XCBuildConfiguration section */

/* Begin XCConfigurationList section */
		7CF0227227102FE500EA19B7 /* Build configuration list for PBXProject "MyCalculator" */ = {
			isa = XCConfigurationList;
			buildConfigurations = (
				7CF0229F27102FE600EA19B7 /* Debug */,
				7CF022A027102FE600EA19B7 /* Release */,
			);
			defaultConfigurationIsVisible = 0;
			defaultConfigurationName = Release;
		};
		7CF022A127102FE600EA19B7 /* Build configuration list for PBXNativeTarget "MyCalculator" */ = {
			isa = XCConfigurationList;
			buildConfigurations = (
				7CF022A227102FE600EA19B7 /* Debug */,
				7CF022A327102FE600EA19B7 /* Release */,
			);
			defaultConfigurationIsVisible = 0;
			defaultConfigurationName = Release;
		};
		7CF022A427102FE600EA19B7 /* Build configuration list for PBXNativeTarget "MyCalculatorTests" */ = {
			isa = XCConfigurationList;
			buildConfigurations = (
				7CF022A527102FE600EA19B7 /* Debug */,
				7CF022A627102FE600EA19B7 /* Release */,
			);
			defaultConfigurationIsVisible = 0;
			defaultConfigurationName = Release;
		};
		7CF022A727102FE600EA19B7 /* Build configuration list for PBXNativeTarget "MyCalculatorUITests" */ = {
			isa = XCConfigurationList;
			buildConfigurations = (
				7CF022A827102FE600EA19B7 /* Debug */,
				7CF022A927102FE600EA19B7 /* Release */,
			);
			defaultConfigurationIsVisible = 0;
			defaultConfigurationName = Release;
		};
/* End XCConfigurationList section */
	};
	rootObject = 7CF0226F27102FE500EA19B7 /* Project object */;
}
